
Microsoft Visual Studio Solution File, Format Version 12.00
# Visual Studio Version 17
VisualStudioVersion = 17.10.35013.160
MinimumVisualStudioVersion = 10.0.40219.1
Project("{9A19103F-16F7-4668-BE54-9A1E7A4F7556}") = "CustomXaml1", "CustomXaml\CustomXaml1.csproj", "{52E8DD98-673A-40C4-B19A-9B84A1CC1CF1}"
EndProject
Global
	GlobalSection(SolutionConfigurationPlatforms) = preSolution
		Debug|Any CPU = Debug|Any CPU
		Release|Any CPU = Release|Any CPU
	EndGlobalSection
	GlobalSection(ProjectConfigurationPlatforms) = postSolution
		{52E8DD98-673A-40C4-B19A-9B84A1CC1CF1}.Debug|Any CPU.ActiveCfg = Debug|Any CPU
		{52E8DD98-673A-40C4-B19A-9B84A1CC1CF1}.Debug|Any CPU.Build.0 = Debug|Any CPU
		{52E8DD98-673A-40C4-B19A-9B84A1CC1CF1}.Release|Any CPU.ActiveCfg = Release|Any CPU
		{52E8DD98-673A-40C4-B19A-9B84A1CC1CF1}.Release|Any CPU.Build.0 = Release|Any CPU
	EndGlobalSection
	GlobalSection(SolutionProperties) = preSolution
		HideSolutionNode = FALSE
	EndGlobalSection
	GlobalSection(ExtensibilityGlobals) = postSolution
		SolutionGuid = {E157A666-6745-4AAE-A3D9-FA71BE6CA493}
	EndGlobalSection
EndGlobal
