
Microsoft Visual Studio Solution File, Format Version 12.00
# Visual Studio Version 17
VisualStudioVersion = 17.10.35013.160
MinimumVisualStudioVersion = 10.0.40219.1
Project("{FAE04EC0-301F-11D3-BF4B-00C04F79EFBC}") = "Person2", "Person2\Person2.csproj", "{85060423-9F83-4D0D-AE6F-8DED022C8AC6}"
EndProject
Global
	GlobalSection(SolutionConfigurationPlatforms) = preSolution
		Debug|Any CPU = Debug|Any CPU
		Release|Any CPU = Release|Any CPU
	EndGlobalSection
	GlobalSection(ProjectConfigurationPlatforms) = postSolution
		{85060423-9F83-4D0D-AE6F-8DED022C8AC6}.Debug|Any CPU.ActiveCfg = Debug|Any CPU
		{85060423-9F83-4D0D-AE6F-8DED022C8AC6}.Debug|Any CPU.Build.0 = Debug|Any CPU
		{85060423-9F83-4D0D-AE6F-8DED022C8AC6}.Release|Any CPU.ActiveCfg = Release|Any CPU
		{85060423-9F83-4D0D-AE6F-8DED022C8AC6}.Release|Any CPU.Build.0 = Release|Any CPU
	EndGlobalSection
	GlobalSection(SolutionProperties) = preSolution
		HideSolutionNode = FALSE
	EndGlobalSection
	GlobalSection(ExtensibilityGlobals) = postSolution
		SolutionGuid = {2A3B1C85-9FD0-435C-8D60-A1E2D534B8AC}
	EndGlobalSection
EndGlobal
