
Microsoft Visual Studio Solution File, Format Version 12.00
# Visual Studio Version 17
VisualStudioVersion = 17.10.35013.160
MinimumVisualStudioVersion = 10.0.40219.1
Project("{9A19103F-16F7-4668-BE54-9A1E7A4F7556}") = "CustomXaml", "CustomXaml\CustomXaml.csproj", "{AB12DDA2-7EF6-4B74-8B70-067387FA273F}"
EndProject
Project("{9A19103F-16F7-4668-BE54-9A1E7A4F7556}") = "CustomXamlPerson", "..\Person\Person\CustomXamlPerson.csproj", "{5846AD2D-BC1E-401D-B825-DF329E25607E}"
EndProject
Global
	GlobalSection(SolutionConfigurationPlatforms) = preSolution
		Debug|Any CPU = Debug|Any CPU
		Release|Any CPU = Release|Any CPU
	EndGlobalSection
	GlobalSection(ProjectConfigurationPlatforms) = postSolution
		{AB12DDA2-7EF6-4B74-8B70-067387FA273F}.Debug|Any CPU.ActiveCfg = Debug|Any CPU
		{AB12DDA2-7EF6-4B74-8B70-067387FA273F}.Debug|Any CPU.Build.0 = Debug|Any CPU
		{AB12DDA2-7EF6-4B74-8B70-067387FA273F}.Release|Any CPU.ActiveCfg = Release|Any CPU
		{AB12DDA2-7EF6-4B74-8B70-067387FA273F}.Release|Any CPU.Build.0 = Release|Any CPU
		{5846AD2D-BC1E-401D-B825-DF329E25607E}.Debug|Any CPU.ActiveCfg = Debug|Any CPU
		{5846AD2D-BC1E-401D-B825-DF329E25607E}.Debug|Any CPU.Build.0 = Debug|Any CPU
		{5846AD2D-BC1E-401D-B825-DF329E25607E}.Release|Any CPU.ActiveCfg = Release|Any CPU
		{5846AD2D-BC1E-401D-B825-DF329E25607E}.Release|Any CPU.Build.0 = Release|Any CPU
	EndGlobalSection
	GlobalSection(SolutionProperties) = preSolution
		HideSolutionNode = FALSE
	EndGlobalSection
	GlobalSection(ExtensibilityGlobals) = postSolution
		SolutionGuid = {9FB87D28-E51D-4173-8D52-5C7E59B7E209}
	EndGlobalSection
EndGlobal
